
Microsoft Visual Studio Solution File, Format Version 11.00
# Visual C# Express 2010
Project("{FAE04EC0-301F-11D3-BF4B-00C04F79EFBC}") = "TeamVid", "TeamVid\TeamVid.csproj", "{CE7ECCAB-EFBA-4CA8-8CB8-819A97C234A6}"
EndProject
Project("{FAE04EC0-301F-11D3-BF4B-00C04F79EFBC}") = "NiVid Updater", "NiVid Updater\NiVid Updater.csproj", "{D759B9FF-BE57-43A6-9B17-5003A1B4BF15}"
EndProject
Global
	GlobalSection(SolutionConfigurationPlatforms) = preSolution
		Debug|x86 = Debug|x86
		Release|x86 = Release|x86
	EndGlobalSection
	GlobalSection(ProjectConfigurationPlatforms) = postSolution
		{CE7ECCAB-EFBA-4CA8-8CB8-819A97C234A6}.Debug|x86.ActiveCfg = Debug|x86
		{CE7ECCAB-EFBA-4CA8-8CB8-819A97C234A6}.Debug|x86.Build.0 = Debug|x86
		{CE7ECCAB-EFBA-4CA8-8CB8-819A97C234A6}.Release|x86.ActiveCfg = Release|x86
		{CE7ECCAB-EFBA-4CA8-8CB8-819A97C234A6}.Release|x86.Build.0 = Release|x86
		{D759B9FF-BE57-43A6-9B17-5003A1B4BF15}.Debug|x86.ActiveCfg = Debug|x86
		{D759B9FF-BE57-43A6-9B17-5003A1B4BF15}.Debug|x86.Build.0 = Debug|x86
		{D759B9FF-BE57-43A6-9B17-5003A1B4BF15}.Release|x86.ActiveCfg = Release|x86
		{D759B9FF-BE57-43A6-9B17-5003A1B4BF15}.Release|x86.Build.0 = Release|x86
	EndGlobalSection
	GlobalSection(SolutionProperties) = preSolution
		HideSolutionNode = FALSE
	EndGlobalSection
EndGlobal
